<?xml version="1.0" encoding="utf-8"?>
<Project ToolsVersion="4.0" xmlns="http://schemas.microsoft.com/developer/msbuild/2003">
  <ItemGroup>
    <Filter Include="Source Files">
      <UniqueIdentifier>{4FC737F1-C7A5-4376-A066-2A32D752A2FF}</UniqueIdentifier>
      <Extensions>cpp;c;cc;cxx;def;odl;idl;hpj;bat;asm;asmx</Extensions>
    </Filter>
    <Filter Include="Header Files">
      <UniqueIdentifier>{93995380-89BD-4b04-88EB-625FBE52EBFB}</UniqueIdentifier>
      <Extensions>h;hh;hpp;hxx;hm;inl;inc;xsd</Extensions>
    </Filter>
    <Filter Include="Resource Files">
      <UniqueIdentifier>{67DA6AB6-F800-4c08-8B7A-83BB121AAD01}</UniqueIdentifier>
      <Extensions>rc;ico;cur;bmp;dlg;rc2;rct;bin;rgs;gif;jpg;jpeg;jpe;resx;tiff;tif;png;wav;mfcribbon-ms</Extensions>
    </Filter>
    <Filter Include="BFS">
      <UniqueIdentifier>{85c1c36d-d6a3-4ca1-8489-52016115906d}</UniqueIdentifier>
    </Filter>
    <Filter Include="MST">
      <UniqueIdentifier>{35c4fb3b-2ec2-44ce-8849-1e0c7d84c823}</UniqueIdentifier>
    </Filter>
    <Filter Include="Dijkstra">
      <UniqueIdentifier>{3bd7354e-a473-4b52-81d8-5dee8c18865a}</UniqueIdentifier>
    </Filter>
  </ItemGroup>
  <ItemGroup>
    <ClCompile Include="Main.cpp">
      <Filter>Source Files</Filter>
    </ClCompile>
    <ClCompile Include="Dungeon.cpp">
      <Filter>Source Files</Filter>
    </ClCompile>
    <ClCompile Include="Room.cpp">
      <Filter>Source Files</Filter>
    </ClCompile>
    <ClCompile Include="BFS.cpp">
      <Filter>BFS</Filter>
    </ClCompile>
    <ClCompile Include="BFSNode.cpp">
      <Filter>BFS</Filter>
    </ClCompile>
    <ClCompile Include="BFSTree.cpp">
      <Filter>BFS</Filter>
    </ClCompile>
    <ClCompile Include="MST.cpp">
      <Filter>MST</Filter>
    </ClCompile>
    <ClCompile Include="MSTNode.cpp">
      <Filter>MST</Filter>
    </ClCompile>
    <ClCompile Include="MSTTree.cpp">
      <Filter>MST</Filter>
    </ClCompile>
    <ClCompile Include="Dijkstra.cpp">
      <Filter>Dijkstra</Filter>
    </ClCompile>
    <ClCompile Include="MSTCorridor.cpp">
      <Filter>MST</Filter>
    </ClCompile>
  </ItemGroup>
  <ItemGroup>
    <ClInclude Include="Room.h">
      <Filter>Header Files</Filter>
    </ClInclude>
    <ClInclude Include="Dungeon.h">
      <Filter>Header Files</Filter>
    </ClInclude>
    <ClInclude Include="ColourCodes.h">
      <Filter>Header Files</Filter>
    </ClInclude>
    <ClInclude Include="BFS.h">
      <Filter>BFS</Filter>
    </ClInclude>
    <ClInclude Include="BFSNode.h">
      <Filter>BFS</Filter>
    </ClInclude>
    <ClInclude Include="BFSTree.h">
      <Filter>BFS</Filter>
    </ClInclude>
    <ClInclude Include="MST.h">
      <Filter>MST</Filter>
    </ClInclude>
    <ClInclude Include="MSTNode.h">
      <Filter>MST</Filter>
    </ClInclude>
    <ClInclude Include="MSTTree.h">
      <Filter>MST</Filter>
    </ClInclude>
    <ClInclude Include="Dijkstra.h">
      <Filter>Dijkstra</Filter>
    </ClInclude>
    <ClInclude Include="MSTCorridor.h">
      <Filter>MST</Filter>
    </ClInclude>
  </ItemGroup>
</Project>